# THIS IS AN AUTOGENERATED FILE. DO NOT EDIT THIS FILE DIRECTLY.
# yarn lockfile v1


history@^4.5.1, history@^4.6.0:
  version "4.6.1"
  resolved "https://registry.yarnpkg.com/history/-/history-4.6.1.tgz#911cf8eb65728555a94f2b12780a0c531a14d2fd"
  dependencies:
    invariant "^2.2.1"
    loose-envify "^1.2.0"
    resolve-pathname "^2.0.0"
    value-equal "^0.2.0"
    warning "^3.0.0"

invariant@^2.2.1, invariant@^2.2.2:
  version "2.2.2"
  resolved "https://registry.yarnpkg.com/invariant/-/invariant-2.2.2.tgz#9e1f56ac0acdb6bf303306f338be3b204ae60360"
  dependencies:
    loose-envify "^1.0.0"

isarray@0.0.1:
  version "0.0.1"
  resolved "https://registry.yarnpkg.com/isarray/-/isarray-0.0.1.tgz#8a18acfca9a8f4177e09abfc6038939b05d1eedf"

js-tokens@^3.0.0:
  version "3.0.1"
  resolved "https://registry.yarnpkg.com/js-tokens/-/js-tokens-3.0.1.tgz#08e9f132484a2c45a30907e9dc4d5567b7f114d7"

loose-envify@^1.0.0, loose-envify@^1.2.0, loose-envify@^1.3.1:
  version "1.3.1"
  resolved "https://registry.yarnpkg.com/loose-envify/-/loose-envify-1.3.1.tgz#d1a8ad33fa9ce0e713d65fdd0ac8b748d478c848"
  dependencies:
    js-tokens "^3.0.0"

path-to-regexp@^1.5.3:
  version "1.7.0"
  resolved "https://registry.yarnpkg.com/path-to-regexp/-/path-to-regexp-1.7.0.tgz#59fde0f435badacba103a84e9d3bc64e96b9937d"
  dependencies:
    isarray "0.0.1"

react-router-dom@^4.0.0:
  version "4.0.0"
  resolved "https://registry.yarnpkg.com/react-router-dom/-/react-router-dom-4.0.0.tgz#4fa4418e14b8cfc5bcc0bdea0c4083fb8c2aef10"
  dependencies:
    history "^4.5.1"
    react-router "^4.0.0"

react-router@^4.0.0:
  version "4.0.0"
  resolved "https://registry.yarnpkg.com/react-router/-/react-router-4.0.0.tgz#6532075231f0bb5077c2005c1d417ad6165b3997"
  dependencies:
    history "^4.6.0"
    invariant "^2.2.2"
    loose-envify "^1.3.1"
    path-to-regexp "^1.5.3"
    warning "^3.0.0"

resolve-pathname@^2.0.0:
  version "2.0.2"
  resolved "https://registry.yarnpkg.com/resolve-pathname/-/resolve-pathname-2.0.2.tgz#e55c016eb2e9df1de98e85002282bfb38c630436"

value-equal@^0.2.0:
  version "0.2.0"
  resolved "https://registry.yarnpkg.com/value-equal/-/value-equal-0.2.0.tgz#4f41c60a3fc011139a2ec3d3340a8998ae8b69c0"

warning@^3.0.0:
  version "3.0.0"
  resolved "https://registry.yarnpkg.com/warning/-/warning-3.0.0.tgz#32e5377cb572de4ab04753bdf8821c01ed605b7c"
  dependencies:
    loose-envify "^1.0.0"
